
Microsoft Visual Studio Solution File, Format Version 12.00
# Visual Studio Version 17
VisualStudioVersion = 17.5.002.0
MinimumVisualStudioVersion = 10.0.40219.1
Project("{2150E333-8FDC-42A3-9474-1A3956D46DE8}") = "C#Practice", "C#Practice", "{D6720502-A953-4BB0-870D-D77820217EB3}"
EndProject
Project("{9A19103F-16F7-4668-BE54-9A1E7A4F7556}") = "WFP_App", "C#Practice\WFP_App\WFP_App.csproj", "{E255F881-D740-418D-951B-7C47A21E01E9}"
EndProject
Global
	GlobalSection(SolutionConfigurationPlatforms) = preSolution
		Debug|Any CPU = Debug|Any CPU
		Release|Any CPU = Release|Any CPU
	EndGlobalSection
	GlobalSection(ProjectConfigurationPlatforms) = postSolution
		{E255F881-D740-418D-951B-7C47A21E01E9}.Debug|Any CPU.ActiveCfg = Debug|Any CPU
		{E255F881-D740-418D-951B-7C47A21E01E9}.Debug|Any CPU.Build.0 = Debug|Any CPU
		{E255F881-D740-418D-951B-7C47A21E01E9}.Release|Any CPU.ActiveCfg = Release|Any CPU
		{E255F881-D740-418D-951B-7C47A21E01E9}.Release|Any CPU.Build.0 = Release|Any CPU
	EndGlobalSection
	GlobalSection(SolutionProperties) = preSolution
		HideSolutionNode = FALSE
	EndGlobalSection
	GlobalSection(NestedProjects) = preSolution
		{E255F881-D740-418D-951B-7C47A21E01E9} = {D6720502-A953-4BB0-870D-D77820217EB3}
	EndGlobalSection
	GlobalSection(ExtensibilityGlobals) = postSolution
		SolutionGuid = {4236858B-818F-4DE8-92E0-E6DC4005920B}
	EndGlobalSection
EndGlobal
