Microsoft Visual Studio Solution File, Format Version 12.00
# Visual Studio Version 17
VisualStudioVersion = 17.5.2.0
MinimumVisualStudioVersion = 10.0.40219.1
Project("{FAE04EC0-301F-11D3-BF4B-00C04F79EFBC}") = "MasterNode", "MasterNode\MasterNode.csproj", "{73688F12-EC1D-BCE3-7AF3-FE02AF9B8234}"
EndProject
Project("{FAE04EC0-301F-11D3-BF4B-00C04F79EFBC}") = "WorkerNode", "WorkerNode\WorkerNode.csproj", "{B3C8B85B-CA98-8F1D-2A03-3D73121FD45E}"
EndProject
Global
	GlobalSection(SolutionConfigurationPlatforms) = preSolution
		Debug|Any CPU = Debug|Any CPU
		Release|Any CPU = Release|Any CPU
	EndGlobalSection
	GlobalSection(ProjectConfigurationPlatforms) = postSolution
		{73688F12-EC1D-BCE3-7AF3-FE02AF9B8234}.Debug|Any CPU.ActiveCfg = Debug|Any CPU
		{73688F12-EC1D-BCE3-7AF3-FE02AF9B8234}.Debug|Any CPU.Build.0 = Debug|Any CPU
		{73688F12-EC1D-BCE3-7AF3-FE02AF9B8234}.Release|Any CPU.ActiveCfg = Release|Any CPU
		{73688F12-EC1D-BCE3-7AF3-FE02AF9B8234}.Release|Any CPU.Build.0 = Release|Any CPU
		{B3C8B85B-CA98-8F1D-2A03-3D73121FD45E}.Debug|Any CPU.ActiveCfg = Debug|Any CPU
		{B3C8B85B-CA98-8F1D-2A03-3D73121FD45E}.Debug|Any CPU.Build.0 = Debug|Any CPU
		{B3C8B85B-CA98-8F1D-2A03-3D73121FD45E}.Release|Any CPU.ActiveCfg = Release|Any CPU
		{B3C8B85B-CA98-8F1D-2A03-3D73121FD45E}.Release|Any CPU.Build.0 = Release|Any CPU
	EndGlobalSection
	GlobalSection(SolutionProperties) = preSolution
		HideSolutionNode = FALSE
	EndGlobalSection
	GlobalSection(ExtensibilityGlobals) = postSolution
		SolutionGuid = {49079F2A-24E4-4CB1-A74B-9AEE80633093}
	EndGlobalSection
EndGlobal
